name: Test disable lock mode
on:
  workflow_dispatch:
jobs:
  test:
    runs-on: ubuntu-latest
    steps:
      - uses: actions/checkout@de0fac2e4500dabe0009e67214ff5f5447ce83dd # v6.0.2

      - id: action
        uses: .
        with:
          github_token: ${{ github.token }}
          trigger: ".deploy"
          noop_trigger: ".noop"
          lock_trigger: ".lock"
          unlock_trigger: ".unlock"
          help_trigger: ".help"
          permissions: "write,admin"
          environment: "production"
          environment_targets: "production,development,staging"
          update_branch: "disabled"
          outdated_mode: "pr_base"
          skip_ci: "production,development,staging"
          skip_reviews: "production,development,staging"
          disable_lock: "true"
          merge_deploy_mode: "false"
          unlock_on_merge_mode: "false"
        continue-on-error: true

      - name: Assert triggered is not true
        env:
          TRIGGERED: ${{ steps.action.outputs.triggered }}
        run: |
          echo "triggered: $TRIGGERED"
          if [ "$TRIGGERED" = "true" ]; then
            echo "FAIL: expected triggered to be false or empty under workflow_dispatch"
            exit 1
          fi
          echo "PASS: triggered is not 'true' as expected with disable_lock=true"

      - name: Assert continue is not true
        env:
          CONTINUE: ${{ steps.action.outputs.continue }}
        run: |
          echo "continue: $CONTINUE"
          if [ "$CONTINUE" = "true" ]; then
            echo "FAIL: expected continue to be false or empty under workflow_dispatch"
            exit 1
          fi
          echo "PASS: continue is not 'true' as expected with disable_lock=true"
